
Microsoft Visual Studio Solution File, Format Version 12.00
# Visual Studio Version 16
VisualStudioVersion = 16.0.29806.167
MinimumVisualStudioVersion = 10.0.40219.1
Project("{FAE04EC0-301F-11D3-BF4B-00C04F79EFBC}") = "CSharp Class 5", "CSharp Class 5\CSharp Class 5.csproj", "{65A1E81E-2955-4EBF-8951-33F2DFC48852}"
EndProject
Global
	GlobalSection(SolutionConfigurationPlatforms) = preSolution
		Debug|Any CPU = Debug|Any CPU
		Release|Any CPU = Release|Any CPU
	EndGlobalSection
	GlobalSection(ProjectConfigurationPlatforms) = postSolution
		{65A1E81E-2955-4EBF-8951-33F2DFC48852}.Debug|Any CPU.ActiveCfg = Debug|Any CPU
		{65A1E81E-2955-4EBF-8951-33F2DFC48852}.Debug|Any CPU.Build.0 = Debug|Any CPU
		{65A1E81E-2955-4EBF-8951-33F2DFC48852}.Release|Any CPU.ActiveCfg = Release|Any CPU
		{65A1E81E-2955-4EBF-8951-33F2DFC48852}.Release|Any CPU.Build.0 = Release|Any CPU
	EndGlobalSection
	GlobalSection(SolutionProperties) = preSolution
		HideSolutionNode = FALSE
	EndGlobalSection
	GlobalSection(ExtensibilityGlobals) = postSolution
		SolutionGuid = {F6CB5E65-9CBD-46EB-91BF-55A91211616B}
	EndGlobalSection
EndGlobal
